
Microsoft Visual Studio Solution File, Format Version 12.00
# Visual Studio Version 17
VisualStudioVersion = 17.3.32929.385
MinimumVisualStudioVersion = 10.0.40219.1
Project("{2150E333-8FDC-42A3-9474-1A3956D46DE8}") = "Solution Items", "Solution Items", "{FA21C897-4D4C-411B-8420-43FDBFD37709}"
	ProjectSection(SolutionItems) = preProject
		.dockerignore = .dockerignore
		README.md = README.md
	EndProjectSection
EndProject
Project("{9A19103F-16F7-4668-BE54-9A1E7A4F7556}") = "CountryVATRateCalculator.Tests.Unit", "CountryVATRateCalculator.Tests.Unit\CountryVATRateCalculator.Tests.Unit.csproj", "{7D21C70C-C744-45A6-A683-C920473ACA86}"
EndProject
Project("{9A19103F-16F7-4668-BE54-9A1E7A4F7556}") = "CountryVATCalculator", "CountryVATRateCalculator\CountryVATCalculator.csproj", "{EE89CFF7-AE04-45DC-9CAB-AAC591997A4A}"
EndProject
Global
	GlobalSection(SolutionConfigurationPlatforms) = preSolution
		Debug|Any CPU = Debug|Any CPU
		Release|Any CPU = Release|Any CPU
	EndGlobalSection
	GlobalSection(ProjectConfigurationPlatforms) = postSolution
		{7D21C70C-C744-45A6-A683-C920473ACA86}.Debug|Any CPU.ActiveCfg = Debug|Any CPU
		{7D21C70C-C744-45A6-A683-C920473ACA86}.Debug|Any CPU.Build.0 = Debug|Any CPU
		{7D21C70C-C744-45A6-A683-C920473ACA86}.Release|Any CPU.ActiveCfg = Release|Any CPU
		{7D21C70C-C744-45A6-A683-C920473ACA86}.Release|Any CPU.Build.0 = Release|Any CPU
		{EE89CFF7-AE04-45DC-9CAB-AAC591997A4A}.Debug|Any CPU.ActiveCfg = Debug|Any CPU
		{EE89CFF7-AE04-45DC-9CAB-AAC591997A4A}.Debug|Any CPU.Build.0 = Debug|Any CPU
		{EE89CFF7-AE04-45DC-9CAB-AAC591997A4A}.Release|Any CPU.ActiveCfg = Release|Any CPU
		{EE89CFF7-AE04-45DC-9CAB-AAC591997A4A}.Release|Any CPU.Build.0 = Release|Any CPU
	EndGlobalSection
	GlobalSection(SolutionProperties) = preSolution
		HideSolutionNode = FALSE
	EndGlobalSection
	GlobalSection(ExtensibilityGlobals) = postSolution
		SolutionGuid = {36D912AC-F9C0-447F-8A97-9F823BA65B41}
	EndGlobalSection
EndGlobal
